
Microsoft Visual Studio Solution File, Format Version 12.00
# Visual Studio Version 17
VisualStudioVersion = 17.5.002.0
MinimumVisualStudioVersion = 10.0.40219.1
Project("{9A19103F-16F7-4668-BE54-9A1E7A4F7556}") = "Task01", "Task01.csproj", "{07DEA504-E2FB-49C3-A6DF-D4FA2AD2F309}"
EndProject
Global
	GlobalSection(SolutionConfigurationPlatforms) = preSolution
		Debug|Any CPU = Debug|Any CPU
		Release|Any CPU = Release|Any CPU
	EndGlobalSection
	GlobalSection(ProjectConfigurationPlatforms) = postSolution
		{07DEA504-E2FB-49C3-A6DF-D4FA2AD2F309}.Debug|Any CPU.ActiveCfg = Debug|Any CPU
		{07DEA504-E2FB-49C3-A6DF-D4FA2AD2F309}.Debug|Any CPU.Build.0 = Debug|Any CPU
		{07DEA504-E2FB-49C3-A6DF-D4FA2AD2F309}.Release|Any CPU.ActiveCfg = Release|Any CPU
		{07DEA504-E2FB-49C3-A6DF-D4FA2AD2F309}.Release|Any CPU.Build.0 = Release|Any CPU
	EndGlobalSection
	GlobalSection(SolutionProperties) = preSolution
		HideSolutionNode = FALSE
	EndGlobalSection
	GlobalSection(ExtensibilityGlobals) = postSolution
		SolutionGuid = {5CC7BD76-CE40-42F3-8D41-1D87B1BFF9A5}
	EndGlobalSection
EndGlobal
